
Microsoft Visual Studio Solution File, Format Version 12.00
# Visual Studio 14
VisualStudioVersion = 14.0.23107.0
MinimumVisualStudioVersion = 10.0.40219.1
Project("{F2A71F9B-5D33-465A-A702-920D77279786}") = "ForCode.RockPaperScissors.UnitTests", "ForCode.RockPaperScissors.UnitTests\ForCode.RockPaperScissors.UnitTests.fsproj", "{B86EDEED-919D-4F55-BCDA-6F7760709975}"
EndProject
Project("{F2A71F9B-5D33-465A-A702-920D77279786}") = "ForCode.RockPaperScissors", "ForCode.RockPaperScissors\ForCode.RockPaperScissors.fsproj", "{EED0CBB2-D008-48B3-A238-76E097406ED8}"
EndProject
Global
	GlobalSection(SolutionConfigurationPlatforms) = preSolution
		Debug|Any CPU = Debug|Any CPU
		Release|Any CPU = Release|Any CPU
	EndGlobalSection
	GlobalSection(ProjectConfigurationPlatforms) = postSolution
		{B86EDEED-919D-4F55-BCDA-6F7760709975}.Debug|Any CPU.ActiveCfg = Debug|Any CPU
		{B86EDEED-919D-4F55-BCDA-6F7760709975}.Debug|Any CPU.Build.0 = Debug|Any CPU
		{B86EDEED-919D-4F55-BCDA-6F7760709975}.Release|Any CPU.ActiveCfg = Release|Any CPU
		{B86EDEED-919D-4F55-BCDA-6F7760709975}.Release|Any CPU.Build.0 = Release|Any CPU
		{EED0CBB2-D008-48B3-A238-76E097406ED8}.Debug|Any CPU.ActiveCfg = Debug|Any CPU
		{EED0CBB2-D008-48B3-A238-76E097406ED8}.Debug|Any CPU.Build.0 = Debug|Any CPU
		{EED0CBB2-D008-48B3-A238-76E097406ED8}.Release|Any CPU.ActiveCfg = Release|Any CPU
		{EED0CBB2-D008-48B3-A238-76E097406ED8}.Release|Any CPU.Build.0 = Release|Any CPU
	EndGlobalSection
	GlobalSection(SolutionProperties) = preSolution
		HideSolutionNode = FALSE
	EndGlobalSection
EndGlobal
